
Microsoft Visual Studio Solution File, Format Version 12.00
# Visual Studio Version 17
VisualStudioVersion = 17.14.36616.10 d17.14
MinimumVisualStudioVersion = 10.0.40219.1
Project("{FAE04EC0-301F-11D3-BF4B-00C04F79EFBC}") = "TrainingsDashboard", "TrainingsDashboard.csproj", "{D4096CBD-7E44-4581-9729-B455B409DAC2}"
EndProject
Global
	GlobalSection(SolutionConfigurationPlatforms) = preSolution
		Debug|Any CPU = Debug|Any CPU
		Release|Any CPU = Release|Any CPU
	EndGlobalSection
	GlobalSection(ProjectConfigurationPlatforms) = postSolution
		{D4096CBD-7E44-4581-9729-B455B409DAC2}.Debug|Any CPU.ActiveCfg = Debug|Any CPU
		{D4096CBD-7E44-4581-9729-B455B409DAC2}.Debug|Any CPU.Build.0 = Debug|Any CPU
		{D4096CBD-7E44-4581-9729-B455B409DAC2}.Release|Any CPU.ActiveCfg = Release|Any CPU
		{D4096CBD-7E44-4581-9729-B455B409DAC2}.Release|Any CPU.Build.0 = Release|Any CPU
	EndGlobalSection
	GlobalSection(SolutionProperties) = preSolution
		HideSolutionNode = FALSE
	EndGlobalSection
	GlobalSection(ExtensibilityGlobals) = postSolution
		SolutionGuid = {17CA384F-DCB8-4F50-92C6-326CB011855F}
	EndGlobalSection
EndGlobal
